
Microsoft Visual Studio Solution File, Format Version 12.00
# Visual Studio 15
Project("{FAE04EC0-301F-11D3-BF4B-00C04F79EFBC}") = "Assembly-CSharp", "Assembly-CSharp.csproj", "{038B57BB-3E7B-E032-052A-3C73A1C4F48D}"
EndProject
Project("{FAE04EC0-301F-11D3-BF4B-00C04F79EFBC}") = "Unity.Postprocessing.Runtime", "Unity.Postprocessing.Runtime.csproj", "{B7153136-C43F-770B-8B11-26F7F1548973}"
EndProject
Project("{FAE04EC0-301F-11D3-BF4B-00C04F79EFBC}") = "Unity.Postprocessing.Runtime.Tests", "Unity.Postprocessing.Runtime.Tests.csproj", "{7DD9E1EF-E018-5396-FEB9-E4D37A465697}"
EndProject
Project("{FAE04EC0-301F-11D3-BF4B-00C04F79EFBC}") = "Unity.Postprocessing.Editor", "Unity.Postprocessing.Editor.csproj", "{4801BC0E-64E3-543A-84AC-4B761C25FD59}"
EndProject
Project("{FAE04EC0-301F-11D3-BF4B-00C04F79EFBC}") = "Unity.Postprocessing.Editor.Tests", "Unity.Postprocessing.Editor.Tests.csproj", "{1EAE3D29-2233-2473-989B-BA23FA7B3A25}"
EndProject
Global
	GlobalSection(SolutionConfigurationPlatforms) = preSolution
		Debug|Any CPU = Debug|Any CPU
		Release|Any CPU = Release|Any CPU
	EndGlobalSection
	GlobalSection(ProjectConfigurationPlatforms) = postSolution
		{038B57BB-3E7B-E032-052A-3C73A1C4F48D}.Debug|Any CPU.ActiveCfg = Debug|Any CPU
		{038B57BB-3E7B-E032-052A-3C73A1C4F48D}.Debug|Any CPU.Build.0 = Debug|Any CPU
		{038B57BB-3E7B-E032-052A-3C73A1C4F48D}.Release|Any CPU.ActiveCfg = Release|Any CPU
		{038B57BB-3E7B-E032-052A-3C73A1C4F48D}.Release|Any CPU.Build.0 = Release|Any CPU
		{B7153136-C43F-770B-8B11-26F7F1548973}.Debug|Any CPU.ActiveCfg = Debug|Any CPU
		{B7153136-C43F-770B-8B11-26F7F1548973}.Debug|Any CPU.Build.0 = Debug|Any CPU
		{B7153136-C43F-770B-8B11-26F7F1548973}.Release|Any CPU.ActiveCfg = Release|Any CPU
		{B7153136-C43F-770B-8B11-26F7F1548973}.Release|Any CPU.Build.0 = Release|Any CPU
		{7DD9E1EF-E018-5396-FEB9-E4D37A465697}.Debug|Any CPU.ActiveCfg = Debug|Any CPU
		{7DD9E1EF-E018-5396-FEB9-E4D37A465697}.Debug|Any CPU.Build.0 = Debug|Any CPU
		{7DD9E1EF-E018-5396-FEB9-E4D37A465697}.Release|Any CPU.ActiveCfg = Release|Any CPU
		{7DD9E1EF-E018-5396-FEB9-E4D37A465697}.Release|Any CPU.Build.0 = Release|Any CPU
		{4801BC0E-64E3-543A-84AC-4B761C25FD59}.Debug|Any CPU.ActiveCfg = Debug|Any CPU
		{4801BC0E-64E3-543A-84AC-4B761C25FD59}.Debug|Any CPU.Build.0 = Debug|Any CPU
		{4801BC0E-64E3-543A-84AC-4B761C25FD59}.Release|Any CPU.ActiveCfg = Release|Any CPU
		{4801BC0E-64E3-543A-84AC-4B761C25FD59}.Release|Any CPU.Build.0 = Release|Any CPU
		{1EAE3D29-2233-2473-989B-BA23FA7B3A25}.Debug|Any CPU.ActiveCfg = Debug|Any CPU
		{1EAE3D29-2233-2473-989B-BA23FA7B3A25}.Debug|Any CPU.Build.0 = Debug|Any CPU
		{1EAE3D29-2233-2473-989B-BA23FA7B3A25}.Release|Any CPU.ActiveCfg = Release|Any CPU
		{1EAE3D29-2233-2473-989B-BA23FA7B3A25}.Release|Any CPU.Build.0 = Release|Any CPU
	EndGlobalSection
	GlobalSection(SolutionProperties) = preSolution
		HideSolutionNode = FALSE
	EndGlobalSection
EndGlobal
